// !$*UTF8*$!
{
	archiveVersion = 1;
	classes = {
	};
	objectVersion = 46;
	objects = {

/* Begin PBXBuildFile section */
		8716160314F9C4A6001F35F1 /* UIKit.framework in Frameworks */ = {isa = PBXBuildFile; fileRef = 8716160214F9C4A6001F35F1 /* UIKit.framework */; };
		8716160514F9C4A6001F35F1 /* Foundation.framework in Frameworks */ = {isa = PBXBuildFile; fileRef = 8716160414F9C4A6001F35F1 /* Foundation.framework */; };
		8716160714F9C4A6001F35F1 /* CoreGraphics.framework in Frameworks */ = {isa = PBXBuildFile; fileRef = 8716160614F9C4A6001F35F1 /* CoreGraphics.framework */; };
		8716160D14F9C4A6001F35F1 /* InfoPlist.strings in Resources */ = {isa = PBXBuildFile; fileRef = 8716160B14F9C4A6001F35F1 /* InfoPlist.strings */; };
		8716160F14F9C4A6001F35F1 /* main.m in Sources */ = {isa = PBXBuildFile; fileRef = 8716160E14F9C4A6001F35F1 /* main.m */; };
		8716161314F9C4A6001F35F1 /* FJAppDelegate.m in Sources */ = {isa = PBXBuildFile; fileRef = 8716161214F9C4A6001F35F1 /* FJAppDelegate.m */; };
		8716161614F9C4A6001F35F1 /* FJViewController.m in Sources */ = {isa = PBXBuildFile; fileRef = 8716161514F9C4A6001F35F1 /* FJViewController.m */; };
		8716161914F9C4A6001F35F1 /* FJViewController_iPhone.xib in Resources */ = {isa = PBXBuildFile; fileRef = 8716161714F9C4A6001F35F1 /* FJViewController_iPhone.xib */; };
		8716161C14F9C4A6001F35F1 /* FJViewController_iPad.xib in Resources */ = {isa = PBXBuildFile; fileRef = 8716161A14F9C4A6001F35F1 /* FJViewController_iPad.xib */; };
/* End PBXBuildFile section */

/* Begin PBXFileReference section */
		871615FE14F9C4A6001F35F1 /* urandium-interface.app */ = {isa = PBXFileReference; explicitFileType = wrapper.application; includeInIndex = 0; path = "urandium-interface.app"; sourceTree = BUILT_PRODUCTS_DIR; };
		8716160214F9C4A6001F35F1 /* UIKit.framework */ = {isa = PBXFileReference; lastKnownFileType = wrapper.framework; name = UIKit.framework; path = System/Library/Frameworks/UIKit.framework; sourceTree = SDKROOT; };
		8716160414F9C4A6001F35F1 /* Foundation.framework */ = {isa = PBXFileReference; lastKnownFileType = wrapper.framework; name = Foundation.framework; path = System/Library/Frameworks/Foundation.framework; sourceTree = SDKROOT; };
		8716160614F9C4A6001F35F1 /* CoreGraphics.framework */ = {isa = PBXFileReference; lastKnownFileType = wrapper.framework; name = CoreGraphics.framework; path = System/Library/Frameworks/CoreGraphics.framework; sourceTree = SDKROOT; };
		8716160A14F9C4A6001F35F1 /* urandium-interface-Info.plist */ = {isa = PBXFileReference; path = "urandium-interface-Info.plist"; sourceTree = "<group>"; };
		8716160C14F9C4A6001F35F1 /* en */ = {isa = PBXFileReference; lastKnownFileType = text.plist.strings; name = en; path = en.lproj/InfoPlist.strings; sourceTree = "<group>"; };
		8716160E14F9C4A6001F35F1 /* main.m */ = {isa = PBXFileReference; lastKnownFileType = sourcecode.c.objc; path = main.m; sourceTree = "<group>"; };
		8716161014F9C4A6001F35F1 /* urandium-interface-Prefix.pch */ = {isa = PBXFileReference; path = "urandium-interface-Prefix.pch"; sourceTree = "<group>"; };
		8716161114F9C4A6001F35F1 /* FJAppDelegate.h */ = {isa = PBXFileReference; path = FJAppDelegate.h; sourceTree = "<group>"; };
		8716161214F9C4A6001F35F1 /* FJAppDelegate.m */ = {isa = PBXFileReference; lastKnownFileType = sourcecode.c.objc; path = FJAppDelegate.m; sourceTree = "<group>"; };
		8716161414F9C4A6001F35F1 /* FJViewController.h */ = {isa = PBXFileReference; path = FJViewController.h; sourceTree = "<group>"; };
		8716161514F9C4A6001F35F1 /* FJViewController.m */ = {isa = PBXFileReference; lastKnownFileType = sourcecode.c.objc; path = FJViewController.m; sourceTree = "<group>"; };
		8716161814F9C4A6001F35F1 /* en */ = {isa = PBXFileReference; lastKnownFileType = file.xib; name = en; path = en.lproj/FJViewController_iPhone.xib; sourceTree = "<group>"; };
		8716161B14F9C4A6001F35F1 /* en */ = {isa = PBXFileReference; lastKnownFileType = file.xib; name = en; path = en.lproj/FJViewController_iPad.xib; sourceTree = "<group>"; };
/* End PBXFileReference section */

/* Begin PBXFrameworksBuildPhase section */
		871615FB14F9C4A6001F35F1 /* Frameworks */ = {
			isa = PBXFrameworksBuildPhase;
			buildActionMask = 2147483647;
			files = (
				8716160314F9C4A6001F35F1 /* UIKit.framework in Frameworks */,
				8716160514F9C4A6001F35F1 /* Foundation.framework in Frameworks */,
				8716160714F9C4A6001F35F1 /* CoreGraphics.framework in Frameworks */,
			);
			runOnlyForDeploymentPostprocessing = 0;
		};
/* End PBXFrameworksBuildPhase section */

/* Begin PBXGroup section */
		871615F314F9C4A6001F35F1 = {
			isa = PBXGroup;
			children = (
				8716160814F9C4A6001F35F1 /* urandium-interface */,
				8716160114F9C4A6001F35F1 /* Frameworks */,
				871615FF14F9C4A6001F35F1 /* Products */,
			);
			sourceTree = "<group>";
		};
		871615FF14F9C4A6001F35F1 /* Products */ = {
			isa = PBXGroup;
			children = (
				871615FE14F9C4A6001F35F1 /* urandium-interface.app */,
			);
			name = Products;
			sourceTree = "<group>";
		};
		8716160114F9C4A6001F35F1 /* Frameworks */ = {
			isa = PBXGroup;
			children = (
				8716160214F9C4A6001F35F1 /* UIKit.framework */,
				8716160414F9C4A6001F35F1 /* Foundation.framework */,
				8716160614F9C4A6001F35F1 /* CoreGraphics.framework */,
			);
			name = Frameworks;
			sourceTree = "<group>";
		};
		8716160814F9C4A6001F35F1 /* urandium-interface */ = {
			isa = PBXGroup;
			children = (
				8716161114F9C4A6001F35F1 /* FJAppDelegate.h */,
				8716161214F9C4A6001F35F1 /* FJAppDelegate.m */,
				8716161414F9C4A6001F35F1 /* FJViewController.h */,
				8716161514F9C4A6001F35F1 /* FJViewController.m */,
				8716161714F9C4A6001F35F1 /* FJViewController_iPhone.xib */,
				8716161A14F9C4A6001F35F1 /* FJViewController_iPad.xib */,
				8716160914F9C4A6001F35F1 /* Supporting Files */,
			);
			path = "urandium-interface";
			sourceTree = "<group>";
		};
		8716160914F9C4A6001F35F1 /* Supporting Files */ = {
			isa = PBXGroup;
			children = (
				8716160A14F9C4A6001F35F1 /* urandium-interface-Info.plist */,
				8716160B14F9C4A6001F35F1 /* InfoPlist.strings */,
				8716160E14F9C4A6001F35F1 /* main.m */,
				8716161014F9C4A6001F35F1 /* urandium-interface-Prefix.pch */,
			);
			name = "Supporting Files";
			sourceTree = "<group>";
		};
/* End PBXGroup section */

/* Begin PBXNativeTarget section */
		871615FD14F9C4A6001F35F1 /* urandium-interface */ = {
			isa = PBXNativeTarget;
			buildConfigurationList = 8716161F14F9C4A6001F35F1 /* Build configuration list for PBXNativeTarget "urandium-interface" */;
			buildPhases = (
				871615FA14F9C4A6001F35F1 /* Sources */,
				871615FB14F9C4A6001F35F1 /* Frameworks */,
				871615FC14F9C4A6001F35F1 /* Resources */,
			);
			buildRules = (
			);
			dependencies = (
			);
			name = "urandium-interface";
			productName = "urandium-interface";
			productReference = 871615FE14F9C4A6001F35F1 /* urandium-interface.app */;
			productType = "com.apple.product-type.application";
		};
/* End PBXNativeTarget section */

/* Begin PBXProject section */
		871615F514F9C4A6001F35F1 /* Project object */ = {
			isa = PBXProject;
			attributes = {
				CLASSPREFIX = FJ;
				LastUpgradeCheck = 0430;
				ORGANIZATIONNAME = "Fifteen Jugglers Software";
			};
			buildConfigurationList = 871615F814F9C4A6001F35F1 /* Build configuration list for PBXProject "urandium-interface" */;
			compatibilityVersion = "Xcode 3.2";
			developmentRegion = English;
			hasScannedForEncodings = 0;
			knownRegions = (
				en,
			);
			mainGroup = 871615F314F9C4A6001F35F1;
			productRefGroup = 871615FF14F9C4A6001F35F1 /* Products */;
			projectDirPath = "";
			projectRoot = "";
			targets = (
				871615FD14F9C4A6001F35F1 /* urandium-interface */,
			);
		};
/* End PBXProject section */

/* Begin PBXResourcesBuildPhase section */
		871615FC14F9C4A6001F35F1 /* Resources */ = {
			isa = PBXResourcesBuildPhase;
			buildActionMask = 2147483647;
			files = (
				8716160D14F9C4A6001F35F1 /* InfoPlist.strings in Resources */,
				8716161914F9C4A6001F35F1 /* FJViewController_iPhone.xib in Resources */,
				8716161C14F9C4A6001F35F1 /* FJViewController_iPad.xib in Resources */,
			);
			runOnlyForDeploymentPostprocessing = 0;
		};
/* End PBXResourcesBuildPhase section */

/* Begin PBXSourcesBuildPhase section */
		871615FA14F9C4A6001F35F1 /* Sources */ = {
			isa = PBXSourcesBuildPhase;
			buildActionMask = 2147483647;
			files = (
				8716160F14F9C4A6001F35F1 /* main.m in Sources */,
				8716161314F9C4A6001F35F1 /* FJAppDelegate.m in Sources */,
				8716161614F9C4A6001F35F1 /* FJViewController.m in Sources */,
			);
			runOnlyForDeploymentPostprocessing = 0;
		};
/* End PBXSourcesBuildPhase section */

/* Begin PBXVariantGroup section */
		8716160B14F9C4A6001F35F1 /* InfoPlist.strings */ = {
			isa = PBXVariantGroup;
			children = (
				8716160C14F9C4A6001F35F1 /* en */,
			);
			name = InfoPlist.strings;
			sourceTree = "<group>";
		};
		8716161714F9C4A6001F35F1 /* FJViewController_iPhone.xib */ = {
			isa = PBXVariantGroup;
			children = (
				8716161814F9C4A6001F35F1 /* en */,
			);
			name = FJViewController_iPhone.xib;
			sourceTree = "<group>";
		};
		8716161A14F9C4A6001F35F1 /* FJViewController_iPad.xib */ = {
			isa = PBXVariantGroup;
			children = (
				8716161B14F9C4A6001F35F1 /* en */,
			);
			name = FJViewController_iPad.xib;
			sourceTree = "<group>";
		};
/* End PBXVariantGroup section */

/* Begin XCBuildConfiguration section */
		8716161D14F9C4A6001F35F1 /* Debug */ = {
			isa = XCBuildConfiguration;
			buildSettings = {
				ALWAYS_SEARCH_USER_PATHS = NO;
				ARCHS = "$(ARCHS_STANDARD_32_BIT)";
				CLANG_ENABLE_OBJC_ARC = YES;
				"CODE_SIGN_IDENTITY[sdk=iphoneos*]" = "iPhone Developer";
				COPY_PHASE_STRIP = NO;
				GCC_C_LANGUAGE_STANDARD = gnu99;
				GCC_DYNAMIC_NO_PIC = NO;
				GCC_OPTIMIZATION_LEVEL = 0;
				GCC_PREPROCESSOR_DEFINITIONS = (
					"DEBUG=1",
					"$(inherited)",
				);
				GCC_SYMBOLS_PRIVATE_EXTERN = NO;
				GCC_VERSION = com.apple.compilers.llvm.clang.1_0;
				GCC_WARN_ABOUT_RETURN_TYPE = YES;
				GCC_WARN_UNINITIALIZED_AUTOS = YES;
				GCC_WARN_UNUSED_VARIABLE = YES;
				IPHONEOS_DEPLOYMENT_TARGET = 5.0;
				SDKROOT = iphoneos;
				TARGETED_DEVICE_FAMILY = "1,2";
			};
			name = Debug;
		};
		8716161E14F9C4A6001F35F1 /* Release */ = {
			isa = XCBuildConfiguration;
			buildSettings = {
				ALWAYS_SEARCH_USER_PATHS = NO;
				ARCHS = "$(ARCHS_STANDARD_32_BIT)";
				CLANG_ENABLE_OBJC_ARC = YES;
				"CODE_SIGN_IDENTITY[sdk=iphoneos*]" = "iPhone Developer";
				COPY_PHASE_STRIP = YES;
				GCC_C_LANGUAGE_STANDARD = gnu99;
				GCC_VERSION = com.apple.compilers.llvm.clang.1_0;
				GCC_WARN_ABOUT_RETURN_TYPE = YES;
				GCC_WARN_UNINITIALIZED_AUTOS = YES;
				GCC_WARN_UNUSED_VARIABLE = YES;
				IPHONEOS_DEPLOYMENT_TARGET = 5.0;
				OTHER_CFLAGS = "-DNS_BLOCK_ASSERTIONS=1";
				SDKROOT = iphoneos;
				TARGETED_DEVICE_FAMILY = "1,2";
				VALIDATE_PRODUCT = YES;
			};
			name = Release;
		};
		8716162014F9C4A6001F35F1 /* Debug */ = {
			isa = XCBuildConfiguration;
			buildSettings = {
				GCC_PRECOMPILE_PREFIX_HEADER = YES;
				GCC_PREFIX_HEADER = "urandium-interface/urandium-interface-Prefix.pch";
				INFOPLIST_FILE = "urandium-interface/urandium-interface-Info.plist";
				PRODUCT_NAME = "$(TARGET_NAME)";
				WRAPPER_EXTENSION = app;
			};
			name = Debug;
		};
		8716162114F9C4A6001F35F1 /* Release */ = {
			isa = XCBuildConfiguration;
			buildSettings = {
				GCC_PRECOMPILE_PREFIX_HEADER = YES;
				GCC_PREFIX_HEADER = "urandium-interface/urandium-interface-Prefix.pch";
				INFOPLIST_FILE = "urandium-interface/urandium-interface-Info.plist";
				PRODUCT_NAME = "$(TARGET_NAME)";
				WRAPPER_EXTENSION = app;
			};
			name = Release;
		};
/* End XCBuildConfiguration section */

/* Begin XCConfigurationList section */
		871615F814F9C4A6001F35F1 /* Build configuration list for PBXProject "urandium-interface" */ = {
			isa = XCConfigurationList;
			buildConfigurations = (
				8716161D14F9C4A6001F35F1 /* Debug */,
				8716161E14F9C4A6001F35F1 /* Release */,
			);
			defaultConfigurationIsVisible = 0;
			defaultConfigurationName = Release;
		};
		8716161F14F9C4A6001F35F1 /* Build configuration list for PBXNativeTarget "urandium-interface" */ = {
			isa = XCConfigurationList;
			buildConfigurations = (
				8716162014F9C4A6001F35F1 /* Debug */,
				8716162114F9C4A6001F35F1 /* Release */,
			);
			defaultConfigurationIsVisible = 0;
		};
/* End XCConfigurationList section */
	};
	rootObject = 871615F514F9C4A6001F35F1 /* Project object */;
}
